// !$*UTF8*$!
{
	archiveVersion = 1;
	classes = {
	};
	objectVersion = 55;
	objects = {

/* Begin PBXBuildFile section */
		EB0DFD17286B827F00DEBC5F /* WatchMoviesApp.swift in Sources */ = {isa = PBXBuildFile; fileRef = EB0DFD16286B827F00DEBC5F /* WatchMoviesApp.swift */; };
		EB0DFD19286B827F00DEBC5F /* ContentView.swift in Sources */ = {isa = PBXBuildFile; fileRef = EB0DFD18286B827F00DEBC5F /* ContentView.swift */; };
		EB0DFD1B286B828100DEBC5F /* Assets.xcassets in Resources */ = {isa = PBXBuildFile; fileRef = EB0DFD1A286B828100DEBC5F /* Assets.xcassets */; };
		EB0DFD1E286B828100DEBC5F /* Preview Assets.xcassets in Resources */ = {isa = PBXBuildFile; fileRef = EB0DFD1D286B828100DEBC5F /* Preview Assets.xcassets */; };
		EB0DFD20286B828100DEBC5F /* Persistence.swift in Sources */ = {isa = PBXBuildFile; fileRef = EB0DFD1F286B828100DEBC5F /* Persistence.swift */; };
		EB0DFD23286B828100DEBC5F /* WatchMovies.xcdatamodeld in Sources */ = {isa = PBXBuildFile; fileRef = EB0DFD21286B828100DEBC5F /* WatchMovies.xcdatamodeld */; };
		EB0DFD3D286B89DC00DEBC5F /* AppIcons.swift in Sources */ = {isa = PBXBuildFile; fileRef = EB0DFD3C286B89DC00DEBC5F /* AppIcons.swift */; };
		EB0DFD3F286B8A4200DEBC5F /* AppSpacings.swift in Sources */ = {isa = PBXBuildFile; fileRef = EB0DFD3E286B8A4200DEBC5F /* AppSpacings.swift */; };
		EB0DFD41286B8ADB00DEBC5F /* AppColors.swift in Sources */ = {isa = PBXBuildFile; fileRef = EB0DFD40286B8ADB00DEBC5F /* AppColors.swift */; };
		EB0DFD44286B8BC300DEBC5F /* Alamofire in Frameworks */ = {isa = PBXBuildFile; productRef = EB0DFD43286B8BC300DEBC5F /* Alamofire */; };
		EB0DFD47286B8BF500DEBC5F /* Toast in Frameworks */ = {isa = PBXBuildFile; productRef = EB0DFD46286B8BF500DEBC5F /* Toast */; };
		EB0DFD49286B8C0B00DEBC5F /* ViewUtils.swift in Sources */ = {isa = PBXBuildFile; fileRef = EB0DFD48286B8C0B00DEBC5F /* ViewUtils.swift */; };
		EB0DFD4D286B8F6800DEBC5F /* AppConfigs.swift in Sources */ = {isa = PBXBuildFile; fileRef = EB0DFD4C286B8F6800DEBC5F /* AppConfigs.swift */; };
		EB0DFD54286BD17A00DEBC5F /* MovieEntity.swift in Sources */ = {isa = PBXBuildFile; fileRef = EB0DFD53286BD17A00DEBC5F /* MovieEntity.swift */; };
		EB0DFD56286BD58200DEBC5F /* RemoteMovieDataSource.swift in Sources */ = {isa = PBXBuildFile; fileRef = EB0DFD55286BD58200DEBC5F /* RemoteMovieDataSource.swift */; };
		EB0DFD58286BD85300DEBC5F /* LocalMovieDataSource.swift in Sources */ = {isa = PBXBuildFile; fileRef = EB0DFD57286BD85300DEBC5F /* LocalMovieDataSource.swift */; };
		EB0DFD5A286BD8C700DEBC5F /* CoreDataManager.swift in Sources */ = {isa = PBXBuildFile; fileRef = EB0DFD59286BD8C700DEBC5F /* CoreDataManager.swift */; };
		EB0DFD5C286BE8D100DEBC5F /* MovieRepository.swift in Sources */ = {isa = PBXBuildFile; fileRef = EB0DFD5B286BE8D100DEBC5F /* MovieRepository.swift */; };
		EB4EBDF5286C90D3002458F2 /* HomeUseCase.swift in Sources */ = {isa = PBXBuildFile; fileRef = EB4EBDF4286C90D3002458F2 /* HomeUseCase.swift */; };
		EB4EBDF7286C921E002458F2 /* HomeViewModel.swift in Sources */ = {isa = PBXBuildFile; fileRef = EB4EBDF6286C921E002458F2 /* HomeViewModel.swift */; };
		EB4EBDF9286C939F002458F2 /* DetailUseCase.swift in Sources */ = {isa = PBXBuildFile; fileRef = EB4EBDF8286C939F002458F2 /* DetailUseCase.swift */; };
		EB4EBDFB286C9B19002458F2 /* FavoriteUseCase.swift in Sources */ = {isa = PBXBuildFile; fileRef = EB4EBDFA286C9B19002458F2 /* FavoriteUseCase.swift */; };
		EB4EBDFF286C9CE6002458F2 /* DetailViewModel.swift in Sources */ = {isa = PBXBuildFile; fileRef = EB4EBDFE286C9CE6002458F2 /* DetailViewModel.swift */; };
		EB4EBE01286C9EB2002458F2 /* FavoriteViewModel.swift in Sources */ = {isa = PBXBuildFile; fileRef = EB4EBE00286C9EB2002458F2 /* FavoriteViewModel.swift */; };
/* End PBXBuildFile section */

/* Begin PBXFileReference section */
		EB0DFD13286B827F00DEBC5F /* WatchMovies.app */ = {isa = PBXFileReference; explicitFileType = wrapper.application; includeInIndex = 0; path = WatchMovies.app; sourceTree = BUILT_PRODUCTS_DIR; };
		EB0DFD16286B827F00DEBC5F /* WatchMoviesApp.swift */ = {isa = PBXFileReference; lastKnownFileType = sourcecode.swift; path = WatchMoviesApp.swift; sourceTree = "<group>"; };
		EB0DFD18286B827F00DEBC5F /* ContentView.swift */ = {isa = PBXFileReference; lastKnownFileType = sourcecode.swift; path = ContentView.swift; sourceTree = "<group>"; };
		EB0DFD1A286B828100DEBC5F /* Assets.xcassets */ = {isa = PBXFileReference; lastKnownFileType = folder.assetcatalog; path = Assets.xcassets; sourceTree = "<group>"; };
		EB0DFD1D286B828100DEBC5F /* Preview Assets.xcassets */ = {isa = PBXFileReference; lastKnownFileType = folder.assetcatalog; path = "Preview Assets.xcassets"; sourceTree = "<group>"; };
		EB0DFD1F286B828100DEBC5F /* Persistence.swift */ = {isa = PBXFileReference; lastKnownFileType = sourcecode.swift; path = Persistence.swift; sourceTree = "<group>"; };
		EB0DFD22286B828100DEBC5F /* WatchMovies.xcdatamodel */ = {isa = PBXFileReference; lastKnownFileType = wrapper.xcdatamodel; path = WatchMovies.xcdatamodel; sourceTree = "<group>"; };
		EB0DFD3C286B89DC00DEBC5F /* AppIcons.swift */ = {isa = PBXFileReference; lastKnownFileType = sourcecode.swift; path = AppIcons.swift; sourceTree = "<group>"; };
		EB0DFD3E286B8A4200DEBC5F /* AppSpacings.swift */ = {isa = PBXFileReference; lastKnownFileType = sourcecode.swift; path = AppSpacings.swift; sourceTree = "<group>"; };
		EB0DFD40286B8ADB00DEBC5F /* AppColors.swift */ = {isa = PBXFileReference; lastKnownFileType = sourcecode.swift; path = AppColors.swift; sourceTree = "<group>"; };
		EB0DFD48286B8C0B00DEBC5F /* ViewUtils.swift */ = {isa = PBXFileReference; lastKnownFileType = sourcecode.swift; path = ViewUtils.swift; sourceTree = "<group>"; };
		EB0DFD4C286B8F6800DEBC5F /* AppConfigs.swift */ = {isa = PBXFileReference; lastKnownFileType = sourcecode.swift; path = AppConfigs.swift; sourceTree = "<group>"; };
		EB0DFD53286BD17A00DEBC5F /* MovieEntity.swift */ = {isa = PBXFileReference; lastKnownFileType = sourcecode.swift; path = MovieEntity.swift; sourceTree = "<group>"; };
		EB0DFD55286BD58200DEBC5F /* RemoteMovieDataSource.swift */ = {isa = PBXFileReference; lastKnownFileType = sourcecode.swift; path = RemoteMovieDataSource.swift; sourceTree = "<group>"; };
		EB0DFD57286BD85300DEBC5F /* LocalMovieDataSource.swift */ = {isa = PBXFileReference; lastKnownFileType = sourcecode.swift; path = LocalMovieDataSource.swift; sourceTree = "<group>"; };
		EB0DFD59286BD8C700DEBC5F /* CoreDataManager.swift */ = {isa = PBXFileReference; lastKnownFileType = sourcecode.swift; path = CoreDataManager.swift; sourceTree = "<group>"; };
		EB0DFD5B286BE8D100DEBC5F /* MovieRepository.swift */ = {isa = PBXFileReference; lastKnownFileType = sourcecode.swift; path = MovieRepository.swift; sourceTree = "<group>"; };
		EB4EBDF4286C90D3002458F2 /* HomeUseCase.swift */ = {isa = PBXFileReference; lastKnownFileType = sourcecode.swift; path = HomeUseCase.swift; sourceTree = "<group>"; };
		EB4EBDF6286C921E002458F2 /* HomeViewModel.swift */ = {isa = PBXFileReference; lastKnownFileType = sourcecode.swift; path = HomeViewModel.swift; sourceTree = "<group>"; };
		EB4EBDF8286C939F002458F2 /* DetailUseCase.swift */ = {isa = PBXFileReference; lastKnownFileType = sourcecode.swift; path = DetailUseCase.swift; sourceTree = "<group>"; };
		EB4EBDFA286C9B19002458F2 /* FavoriteUseCase.swift */ = {isa = PBXFileReference; lastKnownFileType = sourcecode.swift; path = FavoriteUseCase.swift; sourceTree = "<group>"; };
		EB4EBDFE286C9CE6002458F2 /* DetailViewModel.swift */ = {isa = PBXFileReference; lastKnownFileType = sourcecode.swift; path = DetailViewModel.swift; sourceTree = "<group>"; };
		EB4EBE00286C9EB2002458F2 /* FavoriteViewModel.swift */ = {isa = PBXFileReference; lastKnownFileType = sourcecode.swift; path = FavoriteViewModel.swift; sourceTree = "<group>"; };
/* End PBXFileReference section */

/* Begin PBXFrameworksBuildPhase section */
		EB0DFD10286B827F00DEBC5F /* Frameworks */ = {
			isa = PBXFrameworksBuildPhase;
			buildActionMask = 2147483647;
			files = (
				EB0DFD47286B8BF500DEBC5F /* Toast in Frameworks */,
				EB0DFD44286B8BC300DEBC5F /* Alamofire in Frameworks */,
			);
			runOnlyForDeploymentPostprocessing = 0;
		};
/* End PBXFrameworksBuildPhase section */

/* Begin PBXGroup section */
		EB0DFD0A286B827F00DEBC5F = {
			isa = PBXGroup;
			children = (
				EB0DFD15286B827F00DEBC5F /* WatchMovies */,
				EB0DFD14286B827F00DEBC5F /* Products */,
			);
			sourceTree = "<group>";
		};
		EB0DFD14286B827F00DEBC5F /* Products */ = {
			isa = PBXGroup;
			children = (
				EB0DFD13286B827F00DEBC5F /* WatchMovies.app */,
			);
			name = Products;
			sourceTree = "<group>";
		};
		EB0DFD15286B827F00DEBC5F /* WatchMovies */ = {
			isa = PBXGroup;
			children = (
				EB0DFD4E286BD05A00DEBC5F /* Configs */,
				EB0DFD2C286B881500DEBC5F /* Common */,
				EB0DFD2B286B880A00DEBC5F /* Data */,
				EB0DFD2A286B880100DEBC5F /* Domain */,
				EB0DFD29286B87F200DEBC5F /* Presentation */,
				EB0DFD16286B827F00DEBC5F /* WatchMoviesApp.swift */,
				EB0DFD18286B827F00DEBC5F /* ContentView.swift */,
				EB0DFD1A286B828100DEBC5F /* Assets.xcassets */,
				EB0DFD1F286B828100DEBC5F /* Persistence.swift */,
				EB0DFD21286B828100DEBC5F /* WatchMovies.xcdatamodeld */,
				EB0DFD1C286B828100DEBC5F /* Preview Content */,
			);
			path = WatchMovies;
			sourceTree = "<group>";
		};
		EB0DFD1C286B828100DEBC5F /* Preview Content */ = {
			isa = PBXGroup;
			children = (
				EB0DFD1D286B828100DEBC5F /* Preview Assets.xcassets */,
			);
			path = "Preview Content";
			sourceTree = "<group>";
		};
		EB0DFD29286B87F200DEBC5F /* Presentation */ = {
			isa = PBXGroup;
			children = (
				EB0DFD30286B884500DEBC5F /* Home */,
				EB0DFD2F286B883F00DEBC5F /* Detail */,
				EB0DFD2E286B883800DEBC5F /* Favorite */,
				EB0DFD2D286B882D00DEBC5F /* About */,
			);
			path = Presentation;
			sourceTree = "<group>";
		};
		EB0DFD2A286B880100DEBC5F /* Domain */ = {
			isa = PBXGroup;
			children = (
				EB0DFD34286B88B300DEBC5F /* Home */,
				EB0DFD33286B88AB00DEBC5F /* Detail */,
				EB0DFD32286B88A600DEBC5F /* Favorite */,
			);
			path = Domain;
			sourceTree = "<group>";
		};
		EB0DFD2B286B880A00DEBC5F /* Data */ = {
			isa = PBXGroup;
			children = (
				EB0DFD37286B88E600DEBC5F /* DataSource */,
				EB0DFD36286B88C900DEBC5F /* Repository */,
				EB0DFD35286B88BF00DEBC5F /* Models */,
			);
			path = Data;
			sourceTree = "<group>";
		};
		EB0DFD2C286B881500DEBC5F /* Common */ = {
			isa = PBXGroup;
			children = (
				EB0DFD3A286B892800DEBC5F /* Database */,
				EB0DFD39286B891800DEBC5F /* Utility */,
				EB0DFD38286B891300DEBC5F /* Themes */,
			);
			path = Common;
			sourceTree = "<group>";
		};
		EB0DFD2D286B882D00DEBC5F /* About */ = {
			isa = PBXGroup;
			children = (
			);
			path = About;
			sourceTree = "<group>";
		};
		EB0DFD2E286B883800DEBC5F /* Favorite */ = {
			isa = PBXGroup;
			children = (
				EB4EBE00286C9EB2002458F2 /* FavoriteViewModel.swift */,
			);
			path = Favorite;
			sourceTree = "<group>";
		};
		EB0DFD2F286B883F00DEBC5F /* Detail */ = {
			isa = PBXGroup;
			children = (
				EB4EBDFE286C9CE6002458F2 /* DetailViewModel.swift */,
			);
			path = Detail;
			sourceTree = "<group>";
		};
		EB0DFD30286B884500DEBC5F /* Home */ = {
			isa = PBXGroup;
			children = (
				EB4EBDF6286C921E002458F2 /* HomeViewModel.swift */,
			);
			path = Home;
			sourceTree = "<group>";
		};
		EB0DFD32286B88A600DEBC5F /* Favorite */ = {
			isa = PBXGroup;
			children = (
				EB4EBDFA286C9B19002458F2 /* FavoriteUseCase.swift */,
			);
			path = Favorite;
			sourceTree = "<group>";
		};
		EB0DFD33286B88AB00DEBC5F /* Detail */ = {
			isa = PBXGroup;
			children = (
				EB4EBDF8286C939F002458F2 /* DetailUseCase.swift */,
			);
			path = Detail;
			sourceTree = "<group>";
		};
		EB0DFD34286B88B300DEBC5F /* Home */ = {
			isa = PBXGroup;
			children = (
				EB4EBDF4286C90D3002458F2 /* HomeUseCase.swift */,
			);
			path = Home;
			sourceTree = "<group>";
		};
		EB0DFD35286B88BF00DEBC5F /* Models */ = {
			isa = PBXGroup;
			children = (
				EB0DFD52286BD13700DEBC5F /* Remote */,
				EB0DFD51286BD12F00DEBC5F /* Local */,
			);
			path = Models;
			sourceTree = "<group>";
		};
		EB0DFD36286B88C900DEBC5F /* Repository */ = {
			isa = PBXGroup;
			children = (
				EB0DFD5B286BE8D100DEBC5F /* MovieRepository.swift */,
			);
			path = Repository;
			sourceTree = "<group>";
		};
		EB0DFD37286B88E600DEBC5F /* DataSource */ = {
			isa = PBXGroup;
			children = (
				EB0DFD50286BD08F00DEBC5F /* Remote */,
				EB0DFD4F286BD08800DEBC5F /* Local */,
			);
			path = DataSource;
			sourceTree = "<group>";
		};
		EB0DFD38286B891300DEBC5F /* Themes */ = {
			isa = PBXGroup;
			children = (
				EB0DFD3C286B89DC00DEBC5F /* AppIcons.swift */,
				EB0DFD3E286B8A4200DEBC5F /* AppSpacings.swift */,
				EB0DFD40286B8ADB00DEBC5F /* AppColors.swift */,
			);
			path = Themes;
			sourceTree = "<group>";
		};
		EB0DFD39286B891800DEBC5F /* Utility */ = {
			isa = PBXGroup;
			children = (
				EB0DFD48286B8C0B00DEBC5F /* ViewUtils.swift */,
			);
			path = Utility;
			sourceTree = "<group>";
		};
		EB0DFD3A286B892800DEBC5F /* Database */ = {
			isa = PBXGroup;
			children = (
				EB0DFD59286BD8C700DEBC5F /* CoreDataManager.swift */,
			);
			path = Database;
			sourceTree = "<group>";
		};
		EB0DFD4E286BD05A00DEBC5F /* Configs */ = {
			isa = PBXGroup;
			children = (
				EB0DFD4C286B8F6800DEBC5F /* AppConfigs.swift */,
			);
			path = Configs;
			sourceTree = "<group>";
		};
		EB0DFD4F286BD08800DEBC5F /* Local */ = {
			isa = PBXGroup;
			children = (
				EB0DFD57286BD85300DEBC5F /* LocalMovieDataSource.swift */,
			);
			path = Local;
			sourceTree = "<group>";
		};
		EB0DFD50286BD08F00DEBC5F /* Remote */ = {
			isa = PBXGroup;
			children = (
				EB0DFD55286BD58200DEBC5F /* RemoteMovieDataSource.swift */,
			);
			path = Remote;
			sourceTree = "<group>";
		};
		EB0DFD51286BD12F00DEBC5F /* Local */ = {
			isa = PBXGroup;
			children = (
			);
			path = Local;
			sourceTree = "<group>";
		};
		EB0DFD52286BD13700DEBC5F /* Remote */ = {
			isa = PBXGroup;
			children = (
				EB0DFD53286BD17A00DEBC5F /* MovieEntity.swift */,
			);
			path = Remote;
			sourceTree = "<group>";
		};
/* End PBXGroup section */

/* Begin PBXNativeTarget section */
		EB0DFD12286B827F00DEBC5F /* WatchMovies */ = {
			isa = PBXNativeTarget;
			buildConfigurationList = EB0DFD26286B828100DEBC5F /* Build configuration list for PBXNativeTarget "WatchMovies" */;
			buildPhases = (
				EB0DFD0F286B827F00DEBC5F /* Sources */,
				EB0DFD10286B827F00DEBC5F /* Frameworks */,
				EB0DFD11286B827F00DEBC5F /* Resources */,
			);
			buildRules = (
			);
			dependencies = (
			);
			name = WatchMovies;
			packageProductDependencies = (
				EB0DFD43286B8BC300DEBC5F /* Alamofire */,
				EB0DFD46286B8BF500DEBC5F /* Toast */,
			);
			productName = WatchMovies;
			productReference = EB0DFD13286B827F00DEBC5F /* WatchMovies.app */;
			productType = "com.apple.product-type.application";
		};
/* End PBXNativeTarget section */

/* Begin PBXProject section */
		EB0DFD0B286B827F00DEBC5F /* Project object */ = {
			isa = PBXProject;
			attributes = {
				BuildIndependentTargetsInParallel = 1;
				LastSwiftUpdateCheck = 1320;
				LastUpgradeCheck = 1320;
				TargetAttributes = {
					EB0DFD12286B827F00DEBC5F = {
						CreatedOnToolsVersion = 13.2.1;
					};
				};
			};
			buildConfigurationList = EB0DFD0E286B827F00DEBC5F /* Build configuration list for PBXProject "WatchMovies" */;
			compatibilityVersion = "Xcode 13.0";
			developmentRegion = en;
			hasScannedForEncodings = 0;
			knownRegions = (
				en,
				Base,
			);
			mainGroup = EB0DFD0A286B827F00DEBC5F;
			packageReferences = (
				EB0DFD42286B8BC300DEBC5F /* XCRemoteSwiftPackageReference "Alamofire" */,
				EB0DFD45286B8BF500DEBC5F /* XCRemoteSwiftPackageReference "toast-swift" */,
			);
			productRefGroup = EB0DFD14286B827F00DEBC5F /* Products */;
			projectDirPath = "";
			projectRoot = "";
			targets = (
				EB0DFD12286B827F00DEBC5F /* WatchMovies */,
			);
		};
/* End PBXProject section */

/* Begin PBXResourcesBuildPhase section */
		EB0DFD11286B827F00DEBC5F /* Resources */ = {
			isa = PBXResourcesBuildPhase;
			buildActionMask = 2147483647;
			files = (
				EB0DFD1E286B828100DEBC5F /* Preview Assets.xcassets in Resources */,
				EB0DFD1B286B828100DEBC5F /* Assets.xcassets in Resources */,
			);
			runOnlyForDeploymentPostprocessing = 0;
		};
/* End PBXResourcesBuildPhase section */

/* Begin PBXSourcesBuildPhase section */
		EB0DFD0F286B827F00DEBC5F /* Sources */ = {
			isa = PBXSourcesBuildPhase;
			buildActionMask = 2147483647;
			files = (
				EB0DFD20286B828100DEBC5F /* Persistence.swift in Sources */,
				EB0DFD54286BD17A00DEBC5F /* MovieEntity.swift in Sources */,
				EB0DFD49286B8C0B00DEBC5F /* ViewUtils.swift in Sources */,
				EB4EBDF7286C921E002458F2 /* HomeViewModel.swift in Sources */,
				EB0DFD19286B827F00DEBC5F /* ContentView.swift in Sources */,
				EB0DFD5C286BE8D100DEBC5F /* MovieRepository.swift in Sources */,
				EB0DFD3D286B89DC00DEBC5F /* AppIcons.swift in Sources */,
				EB4EBDFF286C9CE6002458F2 /* DetailViewModel.swift in Sources */,
				EB4EBDFB286C9B19002458F2 /* FavoriteUseCase.swift in Sources */,
				EB0DFD3F286B8A4200DEBC5F /* AppSpacings.swift in Sources */,
				EB0DFD4D286B8F6800DEBC5F /* AppConfigs.swift in Sources */,
				EB0DFD5A286BD8C700DEBC5F /* CoreDataManager.swift in Sources */,
				EB4EBDF5286C90D3002458F2 /* HomeUseCase.swift in Sources */,
				EB0DFD41286B8ADB00DEBC5F /* AppColors.swift in Sources */,
				EB0DFD23286B828100DEBC5F /* WatchMovies.xcdatamodeld in Sources */,
				EB4EBDF9286C939F002458F2 /* DetailUseCase.swift in Sources */,
				EB0DFD56286BD58200DEBC5F /* RemoteMovieDataSource.swift in Sources */,
				EB0DFD17286B827F00DEBC5F /* WatchMoviesApp.swift in Sources */,
				EB4EBE01286C9EB2002458F2 /* FavoriteViewModel.swift in Sources */,
				EB0DFD58286BD85300DEBC5F /* LocalMovieDataSource.swift in Sources */,
			);
			runOnlyForDeploymentPostprocessing = 0;
		};
/* End PBXSourcesBuildPhase section */

/* Begin XCBuildConfiguration section */
		EB0DFD24286B828100DEBC5F /* Debug */ = {
			isa = XCBuildConfiguration;
			buildSettings = {
				ALWAYS_SEARCH_USER_PATHS = NO;
				CLANG_ANALYZER_NONNULL = YES;
				CLANG_ANALYZER_NUMBER_OBJECT_CONVERSION = YES_AGGRESSIVE;
				CLANG_CXX_LANGUAGE_STANDARD = "gnu++17";
				CLANG_CXX_LIBRARY = "libc++";
				CLANG_ENABLE_MODULES = YES;
				CLANG_ENABLE_OBJC_ARC = YES;
				CLANG_ENABLE_OBJC_WEAK = YES;
				CLANG_WARN_BLOCK_CAPTURE_AUTORELEASING = YES;
				CLANG_WARN_BOOL_CONVERSION = YES;
				CLANG_WARN_COMMA = YES;
				CLANG_WARN_CONSTANT_CONVERSION = YES;
				CLANG_WARN_DEPRECATED_OBJC_IMPLEMENTATIONS = YES;
				CLANG_WARN_DIRECT_OBJC_ISA_USAGE = YES_ERROR;
				CLANG_WARN_DOCUMENTATION_COMMENTS = YES;
				CLANG_WARN_EMPTY_BODY = YES;
				CLANG_WARN_ENUM_CONVERSION = YES;
				CLANG_WARN_INFINITE_RECURSION = YES;
				CLANG_WARN_INT_CONVERSION = YES;
				CLANG_WARN_NON_LITERAL_NULL_CONVERSION = YES;
				CLANG_WARN_OBJC_IMPLICIT_RETAIN_SELF = YES;
				CLANG_WARN_OBJC_LITERAL_CONVERSION = YES;
				CLANG_WARN_OBJC_ROOT_CLASS = YES_ERROR;
				CLANG_WARN_QUOTED_INCLUDE_IN_FRAMEWORK_HEADER = YES;
				CLANG_WARN_RANGE_LOOP_ANALYSIS = YES;
				CLANG_WARN_STRICT_PROTOTYPES = YES;
				CLANG_WARN_SUSPICIOUS_MOVE = YES;
				CLANG_WARN_UNGUARDED_AVAILABILITY = YES_AGGRESSIVE;
				CLANG_WARN_UNREACHABLE_CODE = YES;
				CLANG_WARN__DUPLICATE_METHOD_MATCH = YES;
				COPY_PHASE_STRIP = NO;
				DEBUG_INFORMATION_FORMAT = dwarf;
				ENABLE_STRICT_OBJC_MSGSEND = YES;
				ENABLE_TESTABILITY = YES;
				GCC_C_LANGUAGE_STANDARD = gnu11;
				GCC_DYNAMIC_NO_PIC = NO;
				GCC_NO_COMMON_BLOCKS = YES;
				GCC_OPTIMIZATION_LEVEL = 0;
				GCC_PREPROCESSOR_DEFINITIONS = (
					"DEBUG=1",
					"$(inherited)",
				);
				GCC_WARN_64_TO_32_BIT_CONVERSION = YES;
				GCC_WARN_ABOUT_RETURN_TYPE = YES_ERROR;
				GCC_WARN_UNDECLARED_SELECTOR = YES;
				GCC_WARN_UNINITIALIZED_AUTOS = YES_AGGRESSIVE;
				GCC_WARN_UNUSED_FUNCTION = YES;
				GCC_WARN_UNUSED_VARIABLE = YES;
				IPHONEOS_DEPLOYMENT_TARGET = 15.2;
				MTL_ENABLE_DEBUG_INFO = INCLUDE_SOURCE;
				MTL_FAST_MATH = YES;
				ONLY_ACTIVE_ARCH = YES;
				SDKROOT = iphoneos;
				SWIFT_ACTIVE_COMPILATION_CONDITIONS = DEBUG;
				SWIFT_OPTIMIZATION_LEVEL = "-Onone";
			};
			name = Debug;
		};
		EB0DFD25286B828100DEBC5F /* Release */ = {
			isa = XCBuildConfiguration;
			buildSettings = {
				ALWAYS_SEARCH_USER_PATHS = NO;
				CLANG_ANALYZER_NONNULL = YES;
				CLANG_ANALYZER_NUMBER_OBJECT_CONVERSION = YES_AGGRESSIVE;
				CLANG_CXX_LANGUAGE_STANDARD = "gnu++17";
				CLANG_CXX_LIBRARY = "libc++";
				CLANG_ENABLE_MODULES = YES;
				CLANG_ENABLE_OBJC_ARC = YES;
				CLANG_ENABLE_OBJC_WEAK = YES;
				CLANG_WARN_BLOCK_CAPTURE_AUTORELEASING = YES;
				CLANG_WARN_BOOL_CONVERSION = YES;
				CLANG_WARN_COMMA = YES;
				CLANG_WARN_CONSTANT_CONVERSION = YES;
				CLANG_WARN_DEPRECATED_OBJC_IMPLEMENTATIONS = YES;
				CLANG_WARN_DIRECT_OBJC_ISA_USAGE = YES_ERROR;
				CLANG_WARN_DOCUMENTATION_COMMENTS = YES;
				CLANG_WARN_EMPTY_BODY = YES;
				CLANG_WARN_ENUM_CONVERSION = YES;
				CLANG_WARN_INFINITE_RECURSION = YES;
				CLANG_WARN_INT_CONVERSION = YES;
				CLANG_WARN_NON_LITERAL_NULL_CONVERSION = YES;
				CLANG_WARN_OBJC_IMPLICIT_RETAIN_SELF = YES;
				CLANG_WARN_OBJC_LITERAL_CONVERSION = YES;
				CLANG_WARN_OBJC_ROOT_CLASS = YES_ERROR;
				CLANG_WARN_QUOTED_INCLUDE_IN_FRAMEWORK_HEADER = YES;
				CLANG_WARN_RANGE_LOOP_ANALYSIS = YES;
				CLANG_WARN_STRICT_PROTOTYPES = YES;
				CLANG_WARN_SUSPICIOUS_MOVE = YES;
				CLANG_WARN_UNGUARDED_AVAILABILITY = YES_AGGRESSIVE;
				CLANG_WARN_UNREACHABLE_CODE = YES;
				CLANG_WARN__DUPLICATE_METHOD_MATCH = YES;
				COPY_PHASE_STRIP = NO;
				DEBUG_INFORMATION_FORMAT = "dwarf-with-dsym";
				ENABLE_NS_ASSERTIONS = NO;
				ENABLE_STRICT_OBJC_MSGSEND = YES;
				GCC_C_LANGUAGE_STANDARD = gnu11;
				GCC_NO_COMMON_BLOCKS = YES;
				GCC_WARN_64_TO_32_BIT_CONVERSION = YES;
				GCC_WARN_ABOUT_RETURN_TYPE = YES_ERROR;
				GCC_WARN_UNDECLARED_SELECTOR = YES;
				GCC_WARN_UNINITIALIZED_AUTOS = YES_AGGRESSIVE;
				GCC_WARN_UNUSED_FUNCTION = YES;
				GCC_WARN_UNUSED_VARIABLE = YES;
				IPHONEOS_DEPLOYMENT_TARGET = 15.2;
				MTL_ENABLE_DEBUG_INFO = NO;
				MTL_FAST_MATH = YES;
				SDKROOT = iphoneos;
				SWIFT_COMPILATION_MODE = wholemodule;
				SWIFT_OPTIMIZATION_LEVEL = "-O";
				VALIDATE_PRODUCT = YES;
			};
			name = Release;
		};
		EB0DFD27286B828100DEBC5F /* Debug */ = {
			isa = XCBuildConfiguration;
			buildSettings = {
				ASSETCATALOG_COMPILER_APPICON_NAME = AppIcon;
				ASSETCATALOG_COMPILER_GLOBAL_ACCENT_COLOR_NAME = AccentColor;
				CODE_SIGN_STYLE = Automatic;
				CURRENT_PROJECT_VERSION = 1;
				DEVELOPMENT_ASSET_PATHS = "\"WatchMovies/Preview Content\"";
				ENABLE_PREVIEWS = YES;
				GENERATE_INFOPLIST_FILE = YES;
				INFOPLIST_KEY_UIApplicationSceneManifest_Generation = YES;
				INFOPLIST_KEY_UIApplicationSupportsIndirectInputEvents = YES;
				INFOPLIST_KEY_UILaunchScreen_Generation = YES;
				INFOPLIST_KEY_UISupportedInterfaceOrientations_iPad = "UIInterfaceOrientationPortrait UIInterfaceOrientationPortraitUpsideDown UIInterfaceOrientationLandscapeLeft UIInterfaceOrientationLandscapeRight";
				INFOPLIST_KEY_UISupportedInterfaceOrientations_iPhone = "UIInterfaceOrientationPortrait UIInterfaceOrientationLandscapeLeft UIInterfaceOrientationLandscapeRight";
				LD_RUNPATH_SEARCH_PATHS = (
					"$(inherited)",
					"@executable_path/Frameworks",
				);
				MARKETING_VERSION = 1.0;
				PRODUCT_BUNDLE_IDENTIFIER = com.dicoding.academy.WatchMovies;
				PRODUCT_NAME = "$(TARGET_NAME)";
				SWIFT_EMIT_LOC_STRINGS = YES;
				SWIFT_VERSION = 5.0;
				TARGETED_DEVICE_FAMILY = "1,2";
			};
			name = Debug;
		};
		EB0DFD28286B828100DEBC5F /* Release */ = {
			isa = XCBuildConfiguration;
			buildSettings = {
				ASSETCATALOG_COMPILER_APPICON_NAME = AppIcon;
				ASSETCATALOG_COMPILER_GLOBAL_ACCENT_COLOR_NAME = AccentColor;
				CODE_SIGN_STYLE = Automatic;
				CURRENT_PROJECT_VERSION = 1;
				DEVELOPMENT_ASSET_PATHS = "\"WatchMovies/Preview Content\"";
				ENABLE_PREVIEWS = YES;
				GENERATE_INFOPLIST_FILE = YES;
				INFOPLIST_KEY_UIApplicationSceneManifest_Generation = YES;
				INFOPLIST_KEY_UIApplicationSupportsIndirectInputEvents = YES;
				INFOPLIST_KEY_UILaunchScreen_Generation = YES;
				INFOPLIST_KEY_UISupportedInterfaceOrientations_iPad = "UIInterfaceOrientationPortrait UIInterfaceOrientationPortraitUpsideDown UIInterfaceOrientationLandscapeLeft UIInterfaceOrientationLandscapeRight";
				INFOPLIST_KEY_UISupportedInterfaceOrientations_iPhone = "UIInterfaceOrientationPortrait UIInterfaceOrientationLandscapeLeft UIInterfaceOrientationLandscapeRight";
				LD_RUNPATH_SEARCH_PATHS = (
					"$(inherited)",
					"@executable_path/Frameworks",
				);
				MARKETING_VERSION = 1.0;
				PRODUCT_BUNDLE_IDENTIFIER = com.dicoding.academy.WatchMovies;
				PRODUCT_NAME = "$(TARGET_NAME)";
				SWIFT_EMIT_LOC_STRINGS = YES;
				SWIFT_VERSION = 5.0;
				TARGETED_DEVICE_FAMILY = "1,2";
			};
			name = Release;
		};
/* End XCBuildConfiguration section */

/* Begin XCConfigurationList section */
		EB0DFD0E286B827F00DEBC5F /* Build configuration list for PBXProject "WatchMovies" */ = {
			isa = XCConfigurationList;
			buildConfigurations = (
				EB0DFD24286B828100DEBC5F /* Debug */,
				EB0DFD25286B828100DEBC5F /* Release */,
			);
			defaultConfigurationIsVisible = 0;
			defaultConfigurationName = Release;
		};
		EB0DFD26286B828100DEBC5F /* Build configuration list for PBXNativeTarget "WatchMovies" */ = {
			isa = XCConfigurationList;
			buildConfigurations = (
				EB0DFD27286B828100DEBC5F /* Debug */,
				EB0DFD28286B828100DEBC5F /* Release */,
			);
			defaultConfigurationIsVisible = 0;
			defaultConfigurationName = Release;
		};
/* End XCConfigurationList section */

/* Begin XCRemoteSwiftPackageReference section */
		EB0DFD42286B8BC300DEBC5F /* XCRemoteSwiftPackageReference "Alamofire" */ = {
			isa = XCRemoteSwiftPackageReference;
			repositoryURL = "https://github.com/Alamofire/Alamofire";
			requirement = {
				kind = upToNextMajorVersion;
				minimumVersion = 5.0.0;
			};
		};
		EB0DFD45286B8BF500DEBC5F /* XCRemoteSwiftPackageReference "toast-swift" */ = {
			isa = XCRemoteSwiftPackageReference;
			repositoryURL = "https://github.com/BastiaanJansen/toast-swift";
			requirement = {
				branch = main;
				kind = branch;
			};
		};
/* End XCRemoteSwiftPackageReference section */

/* Begin XCSwiftPackageProductDependency section */
		EB0DFD43286B8BC300DEBC5F /* Alamofire */ = {
			isa = XCSwiftPackageProductDependency;
			package = EB0DFD42286B8BC300DEBC5F /* XCRemoteSwiftPackageReference "Alamofire" */;
			productName = Alamofire;
		};
		EB0DFD46286B8BF500DEBC5F /* Toast */ = {
			isa = XCSwiftPackageProductDependency;
			package = EB0DFD45286B8BF500DEBC5F /* XCRemoteSwiftPackageReference "toast-swift" */;
			productName = Toast;
		};
/* End XCSwiftPackageProductDependency section */

/* Begin XCVersionGroup section */
		EB0DFD21286B828100DEBC5F /* WatchMovies.xcdatamodeld */ = {
			isa = XCVersionGroup;
			children = (
				EB0DFD22286B828100DEBC5F /* WatchMovies.xcdatamodel */,
			);
			currentVersion = EB0DFD22286B828100DEBC5F /* WatchMovies.xcdatamodel */;
			path = WatchMovies.xcdatamodeld;
			sourceTree = "<group>";
			versionGroupType = wrapper.xcdatamodel;
		};
/* End XCVersionGroup section */
	};
	rootObject = EB0DFD0B286B827F00DEBC5F /* Project object */;
}
